version = 1
revision = 3
requires-python = ">=3.9"

[[package]]
name = "tornado"
version = "6.5.6"
source = { registry = "https://pypi.org/simple" }
sdist = { url = "https://files.pythonhosted.org/packages/50/57/6d7303a77ae439d9189108f76c0c4fd89ee5e2cc8387bffb55232565c4ed/tornado-6.5.6.tar.gz", hash = "sha256:9a365179fe8ff6b8766f602c0f67c185d778193e9bdd828b19f0b6ed7764177d", size = 518139, upload-time = "2026-05-27T15:35:54.646Z" }
wheels = [
    { url = "https://files.pythonhosted.org/packages/1b/0d/b4f481e18c5a51864e6d12b9a05ecf72919696680b747c958c3fc1f4fbae/tornado-6.5.6-cp39-abi3-macosx_10_9_universal2.whl", hash = "sha256:65fcfaafb079435c2c19dc9e07c0f1cf0fa9051759ed0a7d0a3ba7ea7f64919c", size = 447737, upload-time = "2026-05-27T15:35:38.122Z" },
    { url = "https://files.pythonhosted.org/packages/9e/9c/5430c39fcab1144d35860f457b15e9c08b4bc7ac86764354204e983d6183/tornado-6.5.6-cp39-abi3-macosx_10_9_x86_64.whl", hash = "sha256:38bc01b4acacded2de63ae78023548e41ebe6fbed3ec05a796d7ae3ad893887e", size = 445899, upload-time = "2026-05-27T15:35:40.519Z" },
    { url = "https://files.pythonhosted.org/packages/8b/79/fa7e14a2f939c807a8d30619b4eb604eab219601b78792516ebe22d40cf9/tornado-6.5.6-cp39-abi3-manylinux1_x86_64.manylinux_2_28_x86_64.manylinux_2_5_x86_64.whl", hash = "sha256:b942e6a137fda31ff54bf8e6e2c8d1c37f1f50583f3ed53fb840b53b9601d104", size = 448964, upload-time = "2026-05-27T15:35:42.106Z" },
    { url = "https://files.pythonhosted.org/packages/a7/71/bd67d5f5199f937dafe03a49a37989f60f600ff6fef34c79412a829d97bd/tornado-6.5.6-cp39-abi3-manylinux2014_aarch64.manylinux_2_17_aarch64.manylinux_2_28_aarch64.whl", hash = "sha256:8666946e70171b8c3f1fc9b7876fac492e84822c4c7f3746f4e8f8bc9ac92a79", size = 449935, upload-time = "2026-05-27T15:35:43.906Z" },
    { url = "https://files.pythonhosted.org/packages/cc/a4/c24388c9cf5b3c3a513b56a158af9f23092c9a2810d789e294310797df21/tornado-6.5.6-cp39-abi3-musllinux_1_2_aarch64.whl", hash = "sha256:1c34cfab7ad6d104f052f55de06d39bbafc5885cfeb4da688803308dbcfa90b7", size = 449767, upload-time = "2026-05-27T15:35:45.793Z" },
    { url = "https://files.pythonhosted.org/packages/a5/eb/6a07ad550c3f7b37244bd0becdf293ec3d3e961783d8b720a97df50de1b2/tornado-6.5.6-cp39-abi3-musllinux_1_2_x86_64.whl", hash = "sha256:385f35e4e22fb52551dfcda4cdc8c30c61c2c001aef5ddad99cdfe116952efd3", size = 449174, upload-time = "2026-05-27T15:35:47.485Z" },
    { url = "https://files.pythonhosted.org/packages/bb/84/3469e098dccdb6763130e06aacd786bb4363fca7b590a55c101ddf34ed30/tornado-6.5.6-cp39-abi3-win32.whl", hash = "sha256:db475f1b67b2809b10bb16264829087724ca8d24fe4ed47f7b8675cae453ef86", size = 450230, upload-time = "2026-05-27T15:35:49.322Z" },
    { url = "https://files.pythonhosted.org/packages/d2/3c/273a04e0b9dd9016f1685cca0c1c8795a71ac88a34a8c889a0b443483226/tornado-6.5.6-cp39-abi3-win_amd64.whl", hash = "sha256:6739bf1e8eb09230f1280ddbd3236f0309db70f2c551a8dbc40f62babdf82f79", size = 450667, upload-time = "2026-05-27T15:35:51.194Z" },
    { url = "https://files.pythonhosted.org/packages/02/98/0cffe22a224f60c5fb1e3aa0b76f9da2e1ca78b0e9545e3d077c68ce60a7/tornado-6.5.6-cp39-abi3-win_arm64.whl", hash = "sha256:2543597b24a695d72338a9a77818362d72387c03ae173f1f169eadc5c91466ac", size = 449690, upload-time = "2026-05-27T15:35:52.902Z" },
]

[[package]]
name = "trustmux"
version = "7.1.0"
source = { editable = "." }
dependencies = [
    { name = "tornado" },
]

[package.metadata]
requires-dist = [{ name = "tornado", specifier = ">=6.0" }]
